
Microsoft Visual Studio Solution File, Format Version 12.00
# Visual Studio Version 17
VisualStudioVersion = 17.2.32616.157
MinimumVisualStudioVersion = 10.0.40219.1
Project("{FAE04EC0-301F-11D3-BF4B-00C04F79EFBC}") = "TDDCalculator", "TDDCalculator\TDDCalculator.csproj", "{87631222-BD28-4B82-8404-4B814857DD64}"
EndProject
Project("{FAE04EC0-301F-11D3-BF4B-00C04F79EFBC}") = "TDDCalculatorTests", "TDDCalculatorTests\TDDCalculatorTests.csproj", "{FA287A4F-F6B3-4709-8340-AAF2CDBFFB0B}"
EndProject
Global
	GlobalSection(SolutionConfigurationPlatforms) = preSolution
		Debug|Any CPU = Debug|Any CPU
		Release|Any CPU = Release|Any CPU
	EndGlobalSection
	GlobalSection(ProjectConfigurationPlatforms) = postSolution
		{87631222-BD28-4B82-8404-4B814857DD64}.Debug|Any CPU.ActiveCfg = Debug|Any CPU
		{87631222-BD28-4B82-8404-4B814857DD64}.Debug|Any CPU.Build.0 = Debug|Any CPU
		{87631222-BD28-4B82-8404-4B814857DD64}.Release|Any CPU.ActiveCfg = Release|Any CPU
		{87631222-BD28-4B82-8404-4B814857DD64}.Release|Any CPU.Build.0 = Release|Any CPU
		{FA287A4F-F6B3-4709-8340-AAF2CDBFFB0B}.Debug|Any CPU.ActiveCfg = Debug|Any CPU
		{FA287A4F-F6B3-4709-8340-AAF2CDBFFB0B}.Debug|Any CPU.Build.0 = Debug|Any CPU
		{FA287A4F-F6B3-4709-8340-AAF2CDBFFB0B}.Release|Any CPU.ActiveCfg = Release|Any CPU
		{FA287A4F-F6B3-4709-8340-AAF2CDBFFB0B}.Release|Any CPU.Build.0 = Release|Any CPU
	EndGlobalSection
	GlobalSection(SolutionProperties) = preSolution
		HideSolutionNode = FALSE
	EndGlobalSection
	GlobalSection(ExtensibilityGlobals) = postSolution
		SolutionGuid = {F4FE9762-B2CE-4870-9833-5007EDC93176}
	EndGlobalSection
EndGlobal
